
Microsoft Visual Studio Solution File, Format Version 12.00
# Visual Studio Version 16
VisualStudioVersion = 16.0.32002.261
MinimumVisualStudioVersion = 10.0.40219.1
Project("{9A19103F-16F7-4668-BE54-9A1E7A4F7556}") = "Amazon", "Amazon\Amazon.csproj", "{67738EDE-34FD-44FD-90EB-E9E127B04E5D}"
EndProject
Global
	GlobalSection(SolutionConfigurationPlatforms) = preSolution
		Debug|Any CPU = Debug|Any CPU
		Release|Any CPU = Release|Any CPU
	EndGlobalSection
	GlobalSection(ProjectConfigurationPlatforms) = postSolution
		{67738EDE-34FD-44FD-90EB-E9E127B04E5D}.Debug|Any CPU.ActiveCfg = Debug|Any CPU
		{67738EDE-34FD-44FD-90EB-E9E127B04E5D}.Debug|Any CPU.Build.0 = Debug|Any CPU
		{67738EDE-34FD-44FD-90EB-E9E127B04E5D}.Release|Any CPU.ActiveCfg = Release|Any CPU
		{67738EDE-34FD-44FD-90EB-E9E127B04E5D}.Release|Any CPU.Build.0 = Release|Any CPU
	EndGlobalSection
	GlobalSection(SolutionProperties) = preSolution
		HideSolutionNode = FALSE
	EndGlobalSection
	GlobalSection(ExtensibilityGlobals) = postSolution
		SolutionGuid = {47789D9B-CF0D-4BFF-89FC-5E371CF9ABCC}
	EndGlobalSection
EndGlobal
